
Microsoft Visual Studio Solution File, Format Version 12.00
# Visual Studio Version 17
VisualStudioVersion = 17.3.32825.248
MinimumVisualStudioVersion = 10.0.40219.1
Project("{FAE04EC0-301F-11D3-BF4B-00C04F79EFBC}") = "OOPPregovor", "OOPPregovor\OOPPregovor.csproj", "{151F7111-0791-44BA-A2F9-16696A380A8F}"
EndProject
Global
	GlobalSection(SolutionConfigurationPlatforms) = preSolution
		Debug|Any CPU = Debug|Any CPU
		Release|Any CPU = Release|Any CPU
	EndGlobalSection
	GlobalSection(ProjectConfigurationPlatforms) = postSolution
		{151F7111-0791-44BA-A2F9-16696A380A8F}.Debug|Any CPU.ActiveCfg = Debug|Any CPU
		{151F7111-0791-44BA-A2F9-16696A380A8F}.Debug|Any CPU.Build.0 = Debug|Any CPU
		{151F7111-0791-44BA-A2F9-16696A380A8F}.Release|Any CPU.ActiveCfg = Release|Any CPU
		{151F7111-0791-44BA-A2F9-16696A380A8F}.Release|Any CPU.Build.0 = Release|Any CPU
	EndGlobalSection
	GlobalSection(SolutionProperties) = preSolution
		HideSolutionNode = FALSE
	EndGlobalSection
	GlobalSection(ExtensibilityGlobals) = postSolution
		SolutionGuid = {9640BD3E-35CD-4D0E-9485-193E02583084}
	EndGlobalSection
EndGlobal
