
Microsoft Visual Studio Solution File, Format Version 12.00
# Visual Studio Version 17
VisualStudioVersion = 17.3.32825.248
MinimumVisualStudioVersion = 10.0.40219.1
Project("{FAE04EC0-301F-11D3-BF4B-00C04F79EFBC}") = "Animal Farm", "Animal Farm\Animal Farm.csproj", "{9B376043-72B3-449E-A52D-84FF12FD17FF}"
EndProject
Global
	GlobalSection(SolutionConfigurationPlatforms) = preSolution
		Debug|Any CPU = Debug|Any CPU
		Release|Any CPU = Release|Any CPU
	EndGlobalSection
	GlobalSection(ProjectConfigurationPlatforms) = postSolution
		{9B376043-72B3-449E-A52D-84FF12FD17FF}.Debug|Any CPU.ActiveCfg = Debug|Any CPU
		{9B376043-72B3-449E-A52D-84FF12FD17FF}.Debug|Any CPU.Build.0 = Debug|Any CPU
		{9B376043-72B3-449E-A52D-84FF12FD17FF}.Release|Any CPU.ActiveCfg = Release|Any CPU
		{9B376043-72B3-449E-A52D-84FF12FD17FF}.Release|Any CPU.Build.0 = Release|Any CPU
	EndGlobalSection
	GlobalSection(SolutionProperties) = preSolution
		HideSolutionNode = FALSE
	EndGlobalSection
	GlobalSection(ExtensibilityGlobals) = postSolution
		SolutionGuid = {C623C3C4-C721-45F8-9224-95D0DD122FD1}
	EndGlobalSection
EndGlobal
