
Microsoft Visual Studio Solution File, Format Version 12.00
# Visual Studio Version 17
VisualStudioVersion = 17.3.32825.248
MinimumVisualStudioVersion = 10.0.40219.1
Project("{FAE04EC0-301F-11D3-BF4B-00C04F79EFBC}") = "oop-zadacha", "oop-zadacha\oop-zadacha.csproj", "{94D6F8FB-A2EE-46B1-BBCC-2EB8D9C66E89}"
EndProject
Project("{FAE04EC0-301F-11D3-BF4B-00C04F79EFBC}") = "Animal Farm", "..\..\..\..\source\repos\farm\Animal Farm\Animal Farm.csproj", "{9B376043-72B3-449E-A52D-84FF12FD17FF}"
EndProject
Project("{FAE04EC0-301F-11D3-BF4B-00C04F79EFBC}") = "FamilyMembers", "..\..\..\Картини\VS-homeworks\OOP\FamilyMembers\FamilyMembers.csproj", "{2E28E713-2A30-4F63-BE75-711825E616EE}"
EndProject
Project("{FAE04EC0-301F-11D3-BF4B-00C04F79EFBC}") = "ClassCars", "..\..\..\..\source\repos\ClassCars\ClassCars\ClassCars.csproj", "{75D78AE9-E0A0-48E4-B3DE-DFFE80899BB8}"
EndProject
Global
	GlobalSection(SolutionConfigurationPlatforms) = preSolution
		Debug|Any CPU = Debug|Any CPU
		Release|Any CPU = Release|Any CPU
	EndGlobalSection
	GlobalSection(ProjectConfigurationPlatforms) = postSolution
		{94D6F8FB-A2EE-46B1-BBCC-2EB8D9C66E89}.Debug|Any CPU.ActiveCfg = Debug|Any CPU
		{94D6F8FB-A2EE-46B1-BBCC-2EB8D9C66E89}.Debug|Any CPU.Build.0 = Debug|Any CPU
		{94D6F8FB-A2EE-46B1-BBCC-2EB8D9C66E89}.Release|Any CPU.ActiveCfg = Release|Any CPU
		{94D6F8FB-A2EE-46B1-BBCC-2EB8D9C66E89}.Release|Any CPU.Build.0 = Release|Any CPU
		{9B376043-72B3-449E-A52D-84FF12FD17FF}.Debug|Any CPU.ActiveCfg = Debug|Any CPU
		{9B376043-72B3-449E-A52D-84FF12FD17FF}.Debug|Any CPU.Build.0 = Debug|Any CPU
		{9B376043-72B3-449E-A52D-84FF12FD17FF}.Release|Any CPU.ActiveCfg = Release|Any CPU
		{9B376043-72B3-449E-A52D-84FF12FD17FF}.Release|Any CPU.Build.0 = Release|Any CPU
		{2E28E713-2A30-4F63-BE75-711825E616EE}.Debug|Any CPU.ActiveCfg = Debug|Any CPU
		{2E28E713-2A30-4F63-BE75-711825E616EE}.Debug|Any CPU.Build.0 = Debug|Any CPU
		{2E28E713-2A30-4F63-BE75-711825E616EE}.Release|Any CPU.ActiveCfg = Release|Any CPU
		{2E28E713-2A30-4F63-BE75-711825E616EE}.Release|Any CPU.Build.0 = Release|Any CPU
		{75D78AE9-E0A0-48E4-B3DE-DFFE80899BB8}.Debug|Any CPU.ActiveCfg = Debug|Any CPU
		{75D78AE9-E0A0-48E4-B3DE-DFFE80899BB8}.Debug|Any CPU.Build.0 = Debug|Any CPU
		{75D78AE9-E0A0-48E4-B3DE-DFFE80899BB8}.Release|Any CPU.ActiveCfg = Release|Any CPU
		{75D78AE9-E0A0-48E4-B3DE-DFFE80899BB8}.Release|Any CPU.Build.0 = Release|Any CPU
	EndGlobalSection
	GlobalSection(SolutionProperties) = preSolution
		HideSolutionNode = FALSE
	EndGlobalSection
	GlobalSection(ExtensibilityGlobals) = postSolution
		SolutionGuid = {794CCC42-A90F-4F1B-A294-06D91F9FAAFE}
	EndGlobalSection
EndGlobal
